
Microsoft Visual Studio Solution File, Format Version 12.00
# Visual Studio Version 17
VisualStudioVersion = 17.13.35919.96 d17.13
MinimumVisualStudioVersion = 10.0.40219.1
Project("{FAE04EC0-301F-11D3-BF4B-00C04F79EFBC}") = "Lab1_WPF", "Lab1_WPF.csproj", "{874BA8E8-837F-4AD0-A250-6C43C612F983}"
EndProject
Global
	GlobalSection(SolutionConfigurationPlatforms) = preSolution
		Debug|Any CPU = Debug|Any CPU
		Release|Any CPU = Release|Any CPU
	EndGlobalSection
	GlobalSection(ProjectConfigurationPlatforms) = postSolution
		{874BA8E8-837F-4AD0-A250-6C43C612F983}.Debug|Any CPU.ActiveCfg = Debug|Any CPU
		{874BA8E8-837F-4AD0-A250-6C43C612F983}.Debug|Any CPU.Build.0 = Debug|Any CPU
		{874BA8E8-837F-4AD0-A250-6C43C612F983}.Release|Any CPU.ActiveCfg = Release|Any CPU
		{874BA8E8-837F-4AD0-A250-6C43C612F983}.Release|Any CPU.Build.0 = Release|Any CPU
	EndGlobalSection
	GlobalSection(SolutionProperties) = preSolution
		HideSolutionNode = FALSE
	EndGlobalSection
	GlobalSection(ExtensibilityGlobals) = postSolution
		SolutionGuid = {A9C7F891-AE9A-4CAE-95B8-656E957D9B52}
	EndGlobalSection
EndGlobal
